
Microsoft Visual Studio Solution File, Format Version 12.00
# Visual Studio 14
VisualStudioVersion = 14.0.23107.0
MinimumVisualStudioVersion = 10.0.40219.1
Project("{FAE04EC0-301F-11D3-BF4B-00C04F79EFBC}") = "Kalkulator", "Kalkulator\Kalkulator.csproj", "{3A293264-C823-4155-BE11-7F3308132802}"
EndProject
Project("{2150E333-8FDC-42A3-9474-1A3956D46DE8}") = "PublishScripts", "PublishScripts", "{09ED5660-5111-4EF1-B787-C19283DE7194}"
	ProjectSection(SolutionItems) = preProject
		PublishScripts\AzureVMPublishModule.psm1 = PublishScripts\AzureVMPublishModule.psm1
		PublishScripts\Publish-WebApplicationVM.ps1 = PublishScripts\Publish-WebApplicationVM.ps1
	EndProjectSection
EndProject
Project("{2150E333-8FDC-42A3-9474-1A3956D46DE8}") = "Configurations", "Configurations", "{48A8AEA0-33EB-4EBB-9432-6C8BE078BB23}"
	ProjectSection(SolutionItems) = preProject
		PublishScripts\Configurations\Kalkulator-WAWS-dev.json = PublishScripts\Configurations\Kalkulator-WAWS-dev.json
	EndProjectSection
EndProject
Global
	GlobalSection(SolutionConfigurationPlatforms) = preSolution
		Debug|Any CPU = Debug|Any CPU
		Release|Any CPU = Release|Any CPU
	EndGlobalSection
	GlobalSection(ProjectConfigurationPlatforms) = postSolution
		{3A293264-C823-4155-BE11-7F3308132802}.Debug|Any CPU.ActiveCfg = Debug|Any CPU
		{3A293264-C823-4155-BE11-7F3308132802}.Debug|Any CPU.Build.0 = Debug|Any CPU
		{3A293264-C823-4155-BE11-7F3308132802}.Release|Any CPU.ActiveCfg = Release|Any CPU
		{3A293264-C823-4155-BE11-7F3308132802}.Release|Any CPU.Build.0 = Release|Any CPU
	EndGlobalSection
	GlobalSection(SolutionProperties) = preSolution
		HideSolutionNode = FALSE
	EndGlobalSection
	GlobalSection(NestedProjects) = preSolution
		{48A8AEA0-33EB-4EBB-9432-6C8BE078BB23} = {09ED5660-5111-4EF1-B787-C19283DE7194}
	EndGlobalSection
EndGlobal
